
Microsoft Visual Studio Solution File, Format Version 12.00
# Visual Studio Version 16
VisualStudioVersion = 16.0.31129.286
MinimumVisualStudioVersion = 10.0.40219.1
Project("{9A19103F-16F7-4668-BE54-9A1E7A4F7556}") = "CSharp.Capitulo01.Sintaxe", "CSharp.Capitulo01.Sintaxe\CSharp.Capitulo01.Sintaxe.csproj", "{B86245E3-71F4-48A0-952E-6022EEFEABCB}"
EndProject
Project("{FAE04EC0-301F-11D3-BF4B-00C04F79EFBC}") = "CSharp.Capitulo01.Variaveis", "CSharp.Capitulo01.Variaveis\CSharp.Capitulo01.Variaveis.csproj", "{700E4352-CFCA-467D-9224-0C79311FA7FB}"
EndProject
Project("{9A19103F-16F7-4668-BE54-9A1E7A4F7556}") = "CSharp.Capitulo01.ValeTransporte", "CSharp.Capitulo01.ValeTransporte\CSharp.Capitulo01.ValeTransporte.csproj", "{1200EB04-9594-47EC-89F9-4E3ED7DB843E}"
EndProject
Project("{9A19103F-16F7-4668-BE54-9A1E7A4F7556}") = "CSharp.Capitulo02.GeradorSenha", "CSharp.Capitulo02.GeradorSenha\CSharp.Capitulo02.GeradorSenha.csproj", "{96FC65EB-DAF2-479D-971D-3F4102B53B03}"
EndProject
Project("{9A19103F-16F7-4668-BE54-9A1E7A4F7556}") = "CSharp.Capitulo02.EstruturasControle.Testes", "CSharp.Capitulo02.EstruturasControle.Testes\CSharp.Capitulo02.EstruturasControle.Testes.csproj", "{6D5E0315-E44B-42B6-9DDF-EAC815BDB999}"
EndProject
Project("{9A19103F-16F7-4668-BE54-9A1E7A4F7556}") = "Fintech.Dominio", "Fintech.Dominio\Fintech.Dominio.csproj", "{F8F64EA4-39FD-4E4B-B1D6-09017FA67682}"
EndProject
Project("{FAE04EC0-301F-11D3-BF4B-00C04F79EFBC}") = "Fintech.Correntista.Wpf", "Fintech.Correntista.Wpf\Fintech.Correntista.Wpf.csproj", "{F772A90B-B4B1-400F-B370-77A9B4B51E0C}"
EndProject
Project("{9A19103F-16F7-4668-BE54-9A1E7A4F7556}") = "Fintech.Correntista.Wpf.5", "Fintech.Correntista.Wpf.5\Fintech.Correntista.Wpf.5.csproj", "{7753DEE7-F83C-43A4-9CB5-EC1C6E53DAA6}"
EndProject
Project("{9A19103F-16F7-4668-BE54-9A1E7A4F7556}") = "CSharp.Capitulo02.GeradorSenhaTests", "CSharp.Capitulo02.GeradorSenhaTests\CSharp.Capitulo02.GeradorSenhaTests.csproj", "{90D0A52D-0C34-482B-8098-124CC4CC78F5}"
EndProject
Project("{9A19103F-16F7-4668-BE54-9A1E7A4F7556}") = "Fintech.DominioTests", "Fintech.DominioTests\Fintech.DominioTests.csproj", "{0A8896C3-8417-4E11-BEC6-254594A1DDDE}"
EndProject
Project("{9A19103F-16F7-4668-BE54-9A1E7A4F7556}") = "CSharp.Capitulo08.Colecoes.Testes", "CSharp.Capitulo08.Colecoes.Testes\CSharp.Capitulo08.Colecoes.Testes.csproj", "{C03E8216-D91C-474F-ACDB-0D310AC3EC4C}"
EndProject
Project("{9A19103F-16F7-4668-BE54-9A1E7A4F7556}") = "Fintech.Repositorios.SistemaArquivos", "Fintech.Repositorios.SistemaArquivos\Fintech.Repositorios.SistemaArquivos.csproj", "{46CD2FB2-EDA9-43A2-9EA4-2B08F0D2FD08}"
EndProject
Project("{9A19103F-16F7-4668-BE54-9A1E7A4F7556}") = "Fintech.Repositorios.SistemaArquivosTests", "Fintech.Repositorios.SistemaArquivosTests\Fintech.Repositorios.SistemaArquivosTests.csproj", "{DC048897-0537-4642-BA89-EAE03AB62F49}"
EndProject
Project("{FAE04EC0-301F-11D3-BF4B-00C04F79EFBC}") = "Fintech.Repositorios.SqlServer", "Fintech.Repositorios.SqlServer\Fintech.Repositorios.SqlServer.csproj", "{2F5890F5-9FBD-40A0-8896-EC3F4BCDB094}"
EndProject
Project("{FAE04EC0-301F-11D3-BF4B-00C04F79EFBC}") = "Fintech.Repositorios.SqlServerTests", "Fintech.Repositorios.SqlServerTests\Fintech.Repositorios.SqlServerTests.csproj", "{C8FEB8EC-1DEB-4723-8DBC-E5A78D72AAFA}"
EndProject
Project("{FAE04EC0-301F-11D3-BF4B-00C04F79EFBC}") = "CSharp.Capitulo10.DelegatesLambda.Testes", "CSharp.Capitulo10.DelegatesLambda.Testes\CSharp.Capitulo10.DelegatesLambda.Testes.csproj", "{B7CC59C1-C530-4B37-8860-325A3711B341}"
EndProject
Global
	GlobalSection(SolutionConfigurationPlatforms) = preSolution
		Debug|Any CPU = Debug|Any CPU
		Release|Any CPU = Release|Any CPU
	EndGlobalSection
	GlobalSection(ProjectConfigurationPlatforms) = postSolution
		{B86245E3-71F4-48A0-952E-6022EEFEABCB}.Debug|Any CPU.ActiveCfg = Debug|Any CPU
		{B86245E3-71F4-48A0-952E-6022EEFEABCB}.Debug|Any CPU.Build.0 = Debug|Any CPU
		{B86245E3-71F4-48A0-952E-6022EEFEABCB}.Release|Any CPU.ActiveCfg = Release|Any CPU
		{B86245E3-71F4-48A0-952E-6022EEFEABCB}.Release|Any CPU.Build.0 = Release|Any CPU
		{700E4352-CFCA-467D-9224-0C79311FA7FB}.Debug|Any CPU.ActiveCfg = Debug|Any CPU
		{700E4352-CFCA-467D-9224-0C79311FA7FB}.Debug|Any CPU.Build.0 = Debug|Any CPU
		{700E4352-CFCA-467D-9224-0C79311FA7FB}.Release|Any CPU.ActiveCfg = Release|Any CPU
		{700E4352-CFCA-467D-9224-0C79311FA7FB}.Release|Any CPU.Build.0 = Release|Any CPU
		{1200EB04-9594-47EC-89F9-4E3ED7DB843E}.Debug|Any CPU.ActiveCfg = Debug|Any CPU
		{1200EB04-9594-47EC-89F9-4E3ED7DB843E}.Debug|Any CPU.Build.0 = Debug|Any CPU
		{1200EB04-9594-47EC-89F9-4E3ED7DB843E}.Release|Any CPU.ActiveCfg = Release|Any CPU
		{1200EB04-9594-47EC-89F9-4E3ED7DB843E}.Release|Any CPU.Build.0 = Release|Any CPU
		{96FC65EB-DAF2-479D-971D-3F4102B53B03}.Debug|Any CPU.ActiveCfg = Debug|Any CPU
		{96FC65EB-DAF2-479D-971D-3F4102B53B03}.Debug|Any CPU.Build.0 = Debug|Any CPU
		{96FC65EB-DAF2-479D-971D-3F4102B53B03}.Release|Any CPU.ActiveCfg = Release|Any CPU
		{96FC65EB-DAF2-479D-971D-3F4102B53B03}.Release|Any CPU.Build.0 = Release|Any CPU
		{6D5E0315-E44B-42B6-9DDF-EAC815BDB999}.Debug|Any CPU.ActiveCfg = Debug|Any CPU
		{6D5E0315-E44B-42B6-9DDF-EAC815BDB999}.Debug|Any CPU.Build.0 = Debug|Any CPU
		{6D5E0315-E44B-42B6-9DDF-EAC815BDB999}.Release|Any CPU.ActiveCfg = Release|Any CPU
		{6D5E0315-E44B-42B6-9DDF-EAC815BDB999}.Release|Any CPU.Build.0 = Release|Any CPU
		{F8F64EA4-39FD-4E4B-B1D6-09017FA67682}.Debug|Any CPU.ActiveCfg = Debug|Any CPU
		{F8F64EA4-39FD-4E4B-B1D6-09017FA67682}.Debug|Any CPU.Build.0 = Debug|Any CPU
		{F8F64EA4-39FD-4E4B-B1D6-09017FA67682}.Release|Any CPU.ActiveCfg = Release|Any CPU
		{F8F64EA4-39FD-4E4B-B1D6-09017FA67682}.Release|Any CPU.Build.0 = Release|Any CPU
		{F772A90B-B4B1-400F-B370-77A9B4B51E0C}.Debug|Any CPU.ActiveCfg = Debug|Any CPU
		{F772A90B-B4B1-400F-B370-77A9B4B51E0C}.Debug|Any CPU.Build.0 = Debug|Any CPU
		{F772A90B-B4B1-400F-B370-77A9B4B51E0C}.Release|Any CPU.ActiveCfg = Release|Any CPU
		{F772A90B-B4B1-400F-B370-77A9B4B51E0C}.Release|Any CPU.Build.0 = Release|Any CPU
		{7753DEE7-F83C-43A4-9CB5-EC1C6E53DAA6}.Debug|Any CPU.ActiveCfg = Debug|Any CPU
		{7753DEE7-F83C-43A4-9CB5-EC1C6E53DAA6}.Debug|Any CPU.Build.0 = Debug|Any CPU
		{7753DEE7-F83C-43A4-9CB5-EC1C6E53DAA6}.Release|Any CPU.ActiveCfg = Release|Any CPU
		{7753DEE7-F83C-43A4-9CB5-EC1C6E53DAA6}.Release|Any CPU.Build.0 = Release|Any CPU
		{90D0A52D-0C34-482B-8098-124CC4CC78F5}.Debug|Any CPU.ActiveCfg = Debug|Any CPU
		{90D0A52D-0C34-482B-8098-124CC4CC78F5}.Debug|Any CPU.Build.0 = Debug|Any CPU
		{90D0A52D-0C34-482B-8098-124CC4CC78F5}.Release|Any CPU.ActiveCfg = Release|Any CPU
		{90D0A52D-0C34-482B-8098-124CC4CC78F5}.Release|Any CPU.Build.0 = Release|Any CPU
		{0A8896C3-8417-4E11-BEC6-254594A1DDDE}.Debug|Any CPU.ActiveCfg = Debug|Any CPU
		{0A8896C3-8417-4E11-BEC6-254594A1DDDE}.Debug|Any CPU.Build.0 = Debug|Any CPU
		{0A8896C3-8417-4E11-BEC6-254594A1DDDE}.Release|Any CPU.ActiveCfg = Release|Any CPU
		{0A8896C3-8417-4E11-BEC6-254594A1DDDE}.Release|Any CPU.Build.0 = Release|Any CPU
		{C03E8216-D91C-474F-ACDB-0D310AC3EC4C}.Debug|Any CPU.ActiveCfg = Debug|Any CPU
		{C03E8216-D91C-474F-ACDB-0D310AC3EC4C}.Debug|Any CPU.Build.0 = Debug|Any CPU
		{C03E8216-D91C-474F-ACDB-0D310AC3EC4C}.Release|Any CPU.ActiveCfg = Release|Any CPU
		{C03E8216-D91C-474F-ACDB-0D310AC3EC4C}.Release|Any CPU.Build.0 = Release|Any CPU
		{46CD2FB2-EDA9-43A2-9EA4-2B08F0D2FD08}.Debug|Any CPU.ActiveCfg = Debug|Any CPU
		{46CD2FB2-EDA9-43A2-9EA4-2B08F0D2FD08}.Debug|Any CPU.Build.0 = Debug|Any CPU
		{46CD2FB2-EDA9-43A2-9EA4-2B08F0D2FD08}.Release|Any CPU.ActiveCfg = Release|Any CPU
		{46CD2FB2-EDA9-43A2-9EA4-2B08F0D2FD08}.Release|Any CPU.Build.0 = Release|Any CPU
		{DC048897-0537-4642-BA89-EAE03AB62F49}.Debug|Any CPU.ActiveCfg = Debug|Any CPU
		{DC048897-0537-4642-BA89-EAE03AB62F49}.Debug|Any CPU.Build.0 = Debug|Any CPU
		{DC048897-0537-4642-BA89-EAE03AB62F49}.Release|Any CPU.ActiveCfg = Release|Any CPU
		{DC048897-0537-4642-BA89-EAE03AB62F49}.Release|Any CPU.Build.0 = Release|Any CPU
		{2F5890F5-9FBD-40A0-8896-EC3F4BCDB094}.Debug|Any CPU.ActiveCfg = Debug|Any CPU
		{2F5890F5-9FBD-40A0-8896-EC3F4BCDB094}.Debug|Any CPU.Build.0 = Debug|Any CPU
		{2F5890F5-9FBD-40A0-8896-EC3F4BCDB094}.Release|Any CPU.ActiveCfg = Release|Any CPU
		{2F5890F5-9FBD-40A0-8896-EC3F4BCDB094}.Release|Any CPU.Build.0 = Release|Any CPU
		{C8FEB8EC-1DEB-4723-8DBC-E5A78D72AAFA}.Debug|Any CPU.ActiveCfg = Debug|Any CPU
		{C8FEB8EC-1DEB-4723-8DBC-E5A78D72AAFA}.Debug|Any CPU.Build.0 = Debug|Any CPU
		{C8FEB8EC-1DEB-4723-8DBC-E5A78D72AAFA}.Release|Any CPU.ActiveCfg = Release|Any CPU
		{C8FEB8EC-1DEB-4723-8DBC-E5A78D72AAFA}.Release|Any CPU.Build.0 = Release|Any CPU
		{B7CC59C1-C530-4B37-8860-325A3711B341}.Debug|Any CPU.ActiveCfg = Debug|Any CPU
		{B7CC59C1-C530-4B37-8860-325A3711B341}.Debug|Any CPU.Build.0 = Debug|Any CPU
		{B7CC59C1-C530-4B37-8860-325A3711B341}.Release|Any CPU.ActiveCfg = Release|Any CPU
		{B7CC59C1-C530-4B37-8860-325A3711B341}.Release|Any CPU.Build.0 = Release|Any CPU
	EndGlobalSection
	GlobalSection(SolutionProperties) = preSolution
		HideSolutionNode = FALSE
	EndGlobalSection
	GlobalSection(ExtensibilityGlobals) = postSolution
		SolutionGuid = {26CFC76A-F8D3-491E-A8F1-1C61254BB751}
	EndGlobalSection
EndGlobal
